# This file is automatically @generated by Wally.
# It is not intended for manual editing.
registry = "test"

[[package]]
name = "evaera/cmdr"
version = "1.9.0"
dependencies = []

[[package]]
name = "howmanysmall/janitor"
version = "1.14.1"
dependencies = []

[[package]]
name = "roblox/roact"
version = "1.4.4"
dependencies = []

[[package]]
name = "roblox/roact-rodux"
version = "0.3.0"
dependencies = [["Roact", "roblox/roact@1.4.4"], ["Rodux", "roblox/rodux@3.0.0"]]

[[package]]
name = "roblox/rodux"
version = "3.0.0"
dependencies = []

[[package]]
name = "whs/roterra"
version = "0.1.0"
dependencies = [["cmdr", "evaera/cmdr@1.9.0"], ["janitor", "howmanysmall/janitor@1.14.1"], ["roact", "roblox/roact@1.4.4"], ["roact-rodux", "roblox/roact-rodux@0.3.0"], ["rodux", "roblox/rodux@3.0.0"]]
